
Microsoft Visual Studio Solution File, Format Version 12.00
# Visual Studio 15
VisualStudioVersion = 15.0.27428.2037
MinimumVisualStudioVersion = 10.0.40219.1
Project("{FAE04EC0-301F-11D3-BF4B-00C04F79EFBC}") = "Kidding", "Kidding\Kidding.csproj", "{914FE06C-1D02-495E-A174-95A3EB66E733}"
EndProject
Global
	GlobalSection(SolutionConfigurationPlatforms) = preSolution
		Debug|Any CPU = Debug|Any CPU
		Release|Any CPU = Release|Any CPU
	EndGlobalSection
	GlobalSection(ProjectConfigurationPlatforms) = postSolution
		{914FE06C-1D02-495E-A174-95A3EB66E733}.Debug|Any CPU.ActiveCfg = Debug|Any CPU
		{914FE06C-1D02-495E-A174-95A3EB66E733}.Debug|Any CPU.Build.0 = Debug|Any CPU
		{914FE06C-1D02-495E-A174-95A3EB66E733}.Release|Any CPU.ActiveCfg = Release|Any CPU
		{914FE06C-1D02-495E-A174-95A3EB66E733}.Release|Any CPU.Build.0 = Release|Any CPU
	EndGlobalSection
	GlobalSection(SolutionProperties) = preSolution
		HideSolutionNode = FALSE
	EndGlobalSection
	GlobalSection(ExtensibilityGlobals) = postSolution
		SolutionGuid = {96E18438-3D96-4CA1-BB71-03B116127F8B}
	EndGlobalSection
EndGlobal
